
Microsoft Visual Studio Solution File, Format Version 12.00
# Visual Studio Version 16
VisualStudioVersion = 16.0.30717.126
MinimumVisualStudioVersion = 10.0.40219.1
Project("{9A19103F-16F7-4668-BE54-9A1E7A4F7556}") = "BlogApp.Entities", "BlogApp.Entities\BlogApp.Entities.csproj", "{7C984717-7194-41BB-863D-F857EF69DB63}"
EndProject
Project("{FAE04EC0-301F-11D3-BF4B-00C04F79EFBC}") = "BlogApp.DataAccess", "BlogApp.DataAccess\BlogApp.DataAccess.csproj", "{13F1CDA3-D001-496F-B17E-1878EC00878E}"
EndProject
Project("{FAE04EC0-301F-11D3-BF4B-00C04F79EFBC}") = "BlogApp.Business", "BlogApp.Business\BlogApp.Business.csproj", "{702CD629-C884-44B3-95DA-88766AFB3A0E}"
EndProject
Global
	GlobalSection(SolutionConfigurationPlatforms) = preSolution
		Debug|Any CPU = Debug|Any CPU
		Release|Any CPU = Release|Any CPU
	EndGlobalSection
	GlobalSection(ProjectConfigurationPlatforms) = postSolution
		{7C984717-7194-41BB-863D-F857EF69DB63}.Debug|Any CPU.ActiveCfg = Debug|Any CPU
		{7C984717-7194-41BB-863D-F857EF69DB63}.Debug|Any CPU.Build.0 = Debug|Any CPU
		{7C984717-7194-41BB-863D-F857EF69DB63}.Release|Any CPU.ActiveCfg = Release|Any CPU
		{7C984717-7194-41BB-863D-F857EF69DB63}.Release|Any CPU.Build.0 = Release|Any CPU
		{13F1CDA3-D001-496F-B17E-1878EC00878E}.Debug|Any CPU.ActiveCfg = Debug|Any CPU
		{13F1CDA3-D001-496F-B17E-1878EC00878E}.Debug|Any CPU.Build.0 = Debug|Any CPU
		{13F1CDA3-D001-496F-B17E-1878EC00878E}.Release|Any CPU.ActiveCfg = Release|Any CPU
		{13F1CDA3-D001-496F-B17E-1878EC00878E}.Release|Any CPU.Build.0 = Release|Any CPU
		{702CD629-C884-44B3-95DA-88766AFB3A0E}.Debug|Any CPU.ActiveCfg = Debug|Any CPU
		{702CD629-C884-44B3-95DA-88766AFB3A0E}.Debug|Any CPU.Build.0 = Debug|Any CPU
		{702CD629-C884-44B3-95DA-88766AFB3A0E}.Release|Any CPU.ActiveCfg = Release|Any CPU
		{702CD629-C884-44B3-95DA-88766AFB3A0E}.Release|Any CPU.Build.0 = Release|Any CPU
	EndGlobalSection
	GlobalSection(SolutionProperties) = preSolution
		HideSolutionNode = FALSE
	EndGlobalSection
	GlobalSection(ExtensibilityGlobals) = postSolution
		SolutionGuid = {8802A0FC-9534-4A03-97E9-1BEBE206A04A}
	EndGlobalSection
EndGlobal
